{
  "name": "@mspl/shared-types",
  "version": "0.1.0",
  "lockfileVersion": 3,
  "requires": true,
  "packages": {
    "": {
      "name": "@mspl/shared-types",
      "version": "0.1.0",
      "dependencies": {
        "@mspl/shared-constants": "file:../shared-constants"
      }
    },
    "node_modules/@mspl/shared-constants": {
      "version": "0.1.0",
      "resolved": "file:../shared-constants"
    }
  }
}
